// !$*UTF8*$!
{
	archiveVersion = 1;
	classes = {
	};
	objectVersion = 48;
	objects = {

/* Begin PBXBuildFile section */
		F3642529202E7576008FE2BA /* AppDelegate.swift in Sources */ = {isa = PBXBuildFile; fileRef = F3642528202E7576008FE2BA /* AppDelegate.swift */; };
		F364252B202E7576008FE2BA /* ViewController.swift in Sources */ = {isa = PBXBuildFile; fileRef = F364252A202E7576008FE2BA /* ViewController.swift */; };
		F3642530202E7576008FE2BA /* Assets.xcassets in Resources */ = {isa = PBXBuildFile; fileRef = F364252F202E7576008FE2BA /* Assets.xcassets */; };
		F3642533202E7576008FE2BA /* LaunchScreen.storyboard in Resources */ = {isa = PBXBuildFile; fileRef = F3642531202E7576008FE2BA /* LaunchScreen.storyboard */; };
		F364253D202E77E9008FE2BA /* CalculateViewController.swift in Sources */ = {isa = PBXBuildFile; fileRef = F364253C202E77E9008FE2BA /* CalculateViewController.swift */; };
		F3642541202E80F5008FE2BA /* Main.storyboard in Resources */ = {isa = PBXBuildFile; fileRef = F3642540202E80F5008FE2BA /* Main.storyboard */; };
/* End PBXBuildFile section */

/* Begin PBXFileReference section */
		F3642525202E7576008FE2BA /* RethiJennifer-HW3.app */ = {isa = PBXFileReference; explicitFileType = wrapper.application; includeInIndex = 0; path = "RethiJennifer-HW3.app"; sourceTree = BUILT_PRODUCTS_DIR; };
		F3642528202E7576008FE2BA /* AppDelegate.swift */ = {isa = PBXFileReference; lastKnownFileType = sourcecode.swift; path = AppDelegate.swift; sourceTree = "<group>"; };
		F364252A202E7576008FE2BA /* ViewController.swift */ = {isa = PBXFileReference; lastKnownFileType = sourcecode.swift; path = ViewController.swift; sourceTree = "<group>"; };
		F364252F202E7576008FE2BA /* Assets.xcassets */ = {isa = PBXFileReference; lastKnownFileType = folder.assetcatalog; path = Assets.xcassets; sourceTree = "<group>"; };
		F3642532202E7576008FE2BA /* Base */ = {isa = PBXFileReference; lastKnownFileType = file.storyboard; name = Base; path = Base.lproj/LaunchScreen.storyboard; sourceTree = "<group>"; };
		F3642534202E7576008FE2BA /* Info.plist */ = {isa = PBXFileReference; lastKnownFileType = text.plist.xml; path = Info.plist; sourceTree = "<group>"; };
		F364253C202E77E9008FE2BA /* CalculateViewController.swift */ = {isa = PBXFileReference; lastKnownFileType = sourcecode.swift; path = CalculateViewController.swift; sourceTree = "<group>"; };
		F3642540202E80F5008FE2BA /* Main.storyboard */ = {isa = PBXFileReference; lastKnownFileType = file.storyboard; path = Main.storyboard; sourceTree = "<group>"; };
/* End PBXFileReference section */

/* Begin PBXFrameworksBuildPhase section */
		F3642522202E7576008FE2BA /* Frameworks */ = {
			isa = PBXFrameworksBuildPhase;
			buildActionMask = 2147483647;
			files = (
			);
			runOnlyForDeploymentPostprocessing = 0;
		};
/* End PBXFrameworksBuildPhase section */

/* Begin PBXGroup section */
		F364251C202E7576008FE2BA = {
			isa = PBXGroup;
			children = (
				F3642527202E7576008FE2BA /* RethiJennifer-HW3 */,
				F3642526202E7576008FE2BA /* Products */,
			);
			sourceTree = "<group>";
		};
		F3642526202E7576008FE2BA /* Products */ = {
			isa = PBXGroup;
			children = (
				F3642525202E7576008FE2BA /* RethiJennifer-HW3.app */,
			);
			name = Products;
			sourceTree = "<group>";
		};
		F3642527202E7576008FE2BA /* RethiJennifer-HW3 */ = {
			isa = PBXGroup;
			children = (
				F3642528202E7576008FE2BA /* AppDelegate.swift */,
				F364252A202E7576008FE2BA /* ViewController.swift */,
				F364252F202E7576008FE2BA /* Assets.xcassets */,
				F3642531202E7576008FE2BA /* LaunchScreen.storyboard */,
				F3642534202E7576008FE2BA /* Info.plist */,
				F364253C202E77E9008FE2BA /* CalculateViewController.swift */,
				F3642540202E80F5008FE2BA /* Main.storyboard */,
			);
			path = "RethiJennifer-HW3";
			sourceTree = "<group>";
		};
/* End PBXGroup section */

/* Begin PBXNativeTarget section */
		F3642524202E7576008FE2BA /* RethiJennifer-HW3 */ = {
			isa = PBXNativeTarget;
			buildConfigurationList = F3642537202E7576008FE2BA /* Build configuration list for PBXNativeTarget "RethiJennifer-HW3" */;
			buildPhases = (
				F3642521202E7576008FE2BA /* Sources */,
				F3642522202E7576008FE2BA /* Frameworks */,
				F3642523202E7576008FE2BA /* Resources */,
			);
			buildRules = (
			);
			dependencies = (
			);
			name = "RethiJennifer-HW3";
			productName = "RethiJennifer-HW3";
			productReference = F3642525202E7576008FE2BA /* RethiJennifer-HW3.app */;
			productType = "com.apple.product-type.application";
		};
/* End PBXNativeTarget section */

/* Begin PBXProject section */
		F364251D202E7576008FE2BA /* Project object */ = {
			isa = PBXProject;
			attributes = {
				LastSwiftUpdateCheck = 0920;
				LastUpgradeCheck = 0920;
				ORGANIZATIONNAME = "Rethi, Jennifer L";
				TargetAttributes = {
					F3642524202E7576008FE2BA = {
						CreatedOnToolsVersion = 9.2;
						ProvisioningStyle = Automatic;
					};
				};
			};
			buildConfigurationList = F3642520202E7576008FE2BA /* Build configuration list for PBXProject "RethiJennifer-HW3" */;
			compatibilityVersion = "Xcode 8.0";
			developmentRegion = en;
			hasScannedForEncodings = 0;
			knownRegions = (
				en,
				Base,
			);
			mainGroup = F364251C202E7576008FE2BA;
			productRefGroup = F3642526202E7576008FE2BA /* Products */;
			projectDirPath = "";
			projectRoot = "";
			targets = (
				F3642524202E7576008FE2BA /* RethiJennifer-HW3 */,
			);
		};
/* End PBXProject section */

/* Begin PBXResourcesBuildPhase section */
		F3642523202E7576008FE2BA /* Resources */ = {
			isa = PBXResourcesBuildPhase;
			buildActionMask = 2147483647;
			files = (
				F3642533202E7576008FE2BA /* LaunchScreen.storyboard in Resources */,
				F3642530202E7576008FE2BA /* Assets.xcassets in Resources */,
				F3642541202E80F5008FE2BA /* Main.storyboard in Resources */,
			);
			runOnlyForDeploymentPostprocessing = 0;
		};
/* End PBXResourcesBuildPhase section */

/* Begin PBXSourcesBuildPhase section */
		F3642521202E7576008FE2BA /* Sources */ = {
			isa = PBXSourcesBuildPhase;
			buildActionMask = 2147483647;
			files = (
				F364252B202E7576008FE2BA /* ViewController.swift in Sources */,
				F3642529202E7576008FE2BA /* AppDelegate.swift in Sources */,
				F364253D202E77E9008FE2BA /* CalculateViewController.swift in Sources */,
			);
			runOnlyForDeploymentPostprocessing = 0;
		};
/* End PBXSourcesBuildPhase section */

/* Begin PBXVariantGroup section */
		F3642531202E7576008FE2BA /* LaunchScreen.storyboard */ = {
			isa = PBXVariantGroup;
			children = (
				F3642532202E7576008FE2BA /* Base */,
			);
			name = LaunchScreen.storyboard;
			sourceTree = "<group>";
		};
/* End PBXVariantGroup section */

/* Begin XCBuildConfiguration section */
		F3642535202E7576008FE2BA /* Debug */ = {
			isa = XCBuildConfiguration;
			buildSettings = {
				ALWAYS_SEARCH_USER_PATHS = NO;
				CLANG_ANALYZER_NONNULL = YES;
				CLANG_ANALYZER_NUMBER_OBJECT_CONVERSION = YES_AGGRESSIVE;
				CLANG_CXX_LANGUAGE_STANDARD = "gnu++14";
				CLANG_CXX_LIBRARY = "libc++";
				CLANG_ENABLE_MODULES = YES;
				CLANG_ENABLE_OBJC_ARC = YES;
				CLANG_WARN_BLOCK_CAPTURE_AUTORELEASING = YES;
				CLANG_WARN_BOOL_CONVERSION = YES;
				CLANG_WARN_COMMA = YES;
				CLANG_WARN_CONSTANT_CONVERSION = YES;
				CLANG_WARN_DIRECT_OBJC_ISA_USAGE = YES_ERROR;
				CLANG_WARN_DOCUMENTATION_COMMENTS = YES;
				CLANG_WARN_EMPTY_BODY = YES;
				CLANG_WARN_ENUM_CONVERSION = YES;
				CLANG_WARN_INFINITE_RECURSION = YES;
				CLANG_WARN_INT_CONVERSION = YES;
				CLANG_WARN_NON_LITERAL_NULL_CONVERSION = YES;
				CLANG_WARN_OBJC_LITERAL_CONVERSION = YES;
				CLANG_WARN_OBJC_ROOT_CLASS = YES_ERROR;
				CLANG_WARN_RANGE_LOOP_ANALYSIS = YES;
				CLANG_WARN_STRICT_PROTOTYPES = YES;
				CLANG_WARN_SUSPICIOUS_MOVE = YES;
				CLANG_WARN_UNGUARDED_AVAILABILITY = YES_AGGRESSIVE;
				CLANG_WARN_UNREACHABLE_CODE = YES;
				CLANG_WARN__DUPLICATE_METHOD_MATCH = YES;
				CODE_SIGN_IDENTITY = "iPhone Developer";
				COPY_PHASE_STRIP = NO;
				DEBUG_INFORMATION_FORMAT = dwarf;
				ENABLE_STRICT_OBJC_MSGSEND = YES;
				ENABLE_TESTABILITY = YES;
				GCC_C_LANGUAGE_STANDARD = gnu11;
				GCC_DYNAMIC_NO_PIC = NO;
				GCC_NO_COMMON_BLOCKS = YES;
				GCC_OPTIMIZATION_LEVEL = 0;
				GCC_PREPROCESSOR_DEFINITIONS = (
					"DEBUG=1",
					"$(inherited)",
				);
				GCC_WARN_64_TO_32_BIT_CONVERSION = YES;
				GCC_WARN_ABOUT_RETURN_TYPE = YES_ERROR;
				GCC_WARN_UNDECLARED_SELECTOR = YES;
				GCC_WARN_UNINITIALIZED_AUTOS = YES_AGGRESSIVE;
				GCC_WARN_UNUSED_FUNCTION = YES;
				GCC_WARN_UNUSED_VARIABLE = YES;
				IPHONEOS_DEPLOYMENT_TARGET = 11.2;
				MTL_ENABLE_DEBUG_INFO = YES;
				ONLY_ACTIVE_ARCH = YES;
				SDKROOT = iphoneos;
				SWIFT_ACTIVE_COMPILATION_CONDITIONS = DEBUG;
				SWIFT_OPTIMIZATION_LEVEL = "-Onone";
			};
			name = Debug;
		};
		F3642536202E7576008FE2BA /* Release */ = {
			isa = XCBuildConfiguration;
			buildSettings = {
				ALWAYS_SEARCH_USER_PATHS = NO;
				CLANG_ANALYZER_NONNULL = YES;
				CLANG_ANALYZER_NUMBER_OBJECT_CONVERSION = YES_AGGRESSIVE;
				CLANG_CXX_LANGUAGE_STANDARD = "gnu++14";
				CLANG_CXX_LIBRARY = "libc++";
				CLANG_ENABLE_MODULES = YES;
				CLANG_ENABLE_OBJC_ARC = YES;
				CLANG_WARN_BLOCK_CAPTURE_AUTORELEASING = YES;
				CLANG_WARN_BOOL_CONVERSION = YES;
				CLANG_WARN_COMMA = YES;
				CLANG_WARN_CONSTANT_CONVERSION = YES;
				CLANG_WARN_DIRECT_OBJC_ISA_USAGE = YES_ERROR;
				CLANG_WARN_DOCUMENTATION_COMMENTS = YES;
				CLANG_WARN_EMPTY_BODY = YES;
				CLANG_WARN_ENUM_CONVERSION = YES;
				CLANG_WARN_INFINITE_RECURSION = YES;
				CLANG_WARN_INT_CONVERSION = YES;
				CLANG_WARN_NON_LITERAL_NULL_CONVERSION = YES;
				CLANG_WARN_OBJC_LITERAL_CONVERSION = YES;
				CLANG_WARN_OBJC_ROOT_CLASS = YES_ERROR;
				CLANG_WARN_RANGE_LOOP_ANALYSIS = YES;
				CLANG_WARN_STRICT_PROTOTYPES = YES;
				CLANG_WARN_SUSPICIOUS_MOVE = YES;
				CLANG_WARN_UNGUARDED_AVAILABILITY = YES_AGGRESSIVE;
				CLANG_WARN_UNREACHABLE_CODE = YES;
				CLANG_WARN__DUPLICATE_METHOD_MATCH = YES;
				CODE_SIGN_IDENTITY = "iPhone Developer";
				COPY_PHASE_STRIP = NO;
				DEBUG_INFORMATION_FORMAT = "dwarf-with-dsym";
				ENABLE_NS_ASSERTIONS = NO;
				ENABLE_STRICT_OBJC_MSGSEND = YES;
				GCC_C_LANGUAGE_STANDARD = gnu11;
				GCC_NO_COMMON_BLOCKS = YES;
				GCC_WARN_64_TO_32_BIT_CONVERSION = YES;
				GCC_WARN_ABOUT_RETURN_TYPE = YES_ERROR;
				GCC_WARN_UNDECLARED_SELECTOR = YES;
				GCC_WARN_UNINITIALIZED_AUTOS = YES_AGGRESSIVE;
				GCC_WARN_UNUSED_FUNCTION = YES;
				GCC_WARN_UNUSED_VARIABLE = YES;
				IPHONEOS_DEPLOYMENT_TARGET = 11.2;
				MTL_ENABLE_DEBUG_INFO = NO;
				SDKROOT = iphoneos;
				SWIFT_OPTIMIZATION_LEVEL = "-Owholemodule";
				VALIDATE_PRODUCT = YES;
			};
			name = Release;
		};
		F3642538202E7576008FE2BA /* Debug */ = {
			isa = XCBuildConfiguration;
			buildSettings = {
				ASSETCATALOG_COMPILER_APPICON_NAME = AppIcon;
				CODE_SIGN_STYLE = Automatic;
				INFOPLIST_FILE = "RethiJennifer-HW3/Info.plist";
				LD_RUNPATH_SEARCH_PATHS = "$(inherited) @executable_path/Frameworks";
				PRODUCT_BUNDLE_IDENTIFIER = "utcs.RethiJennifer-HW3";
				PRODUCT_NAME = "$(TARGET_NAME)";
				SWIFT_VERSION = 4.0;
				TARGETED_DEVICE_FAMILY = "1,2";
			};
			name = Debug;
		};
		F3642539202E7576008FE2BA /* Release */ = {
			isa = XCBuildConfiguration;
			buildSettings = {
				ASSETCATALOG_COMPILER_APPICON_NAME = AppIcon;
				CODE_SIGN_STYLE = Automatic;
				INFOPLIST_FILE = "RethiJennifer-HW3/Info.plist";
				LD_RUNPATH_SEARCH_PATHS = "$(inherited) @executable_path/Frameworks";
				PRODUCT_BUNDLE_IDENTIFIER = "utcs.RethiJennifer-HW3";
				PRODUCT_NAME = "$(TARGET_NAME)";
				SWIFT_VERSION = 4.0;
				TARGETED_DEVICE_FAMILY = "1,2";
			};
			name = Release;
		};
/* End XCBuildConfiguration section */

/* Begin XCConfigurationList section */
		F3642520202E7576008FE2BA /* Build configuration list for PBXProject "RethiJennifer-HW3" */ = {
			isa = XCConfigurationList;
			buildConfigurations = (
				F3642535202E7576008FE2BA /* Debug */,
				F3642536202E7576008FE2BA /* Release */,
			);
			defaultConfigurationIsVisible = 0;
			defaultConfigurationName = Release;
		};
		F3642537202E7576008FE2BA /* Build configuration list for PBXNativeTarget "RethiJennifer-HW3" */ = {
			isa = XCConfigurationList;
			buildConfigurations = (
				F3642538202E7576008FE2BA /* Debug */,
				F3642539202E7576008FE2BA /* Release */,
			);
			defaultConfigurationIsVisible = 0;
			defaultConfigurationName = Release;
		};
/* End XCConfigurationList section */
	};
	rootObject = F364251D202E7576008FE2BA /* Project object */;
}
